<?xml version="1.0" encoding="utf-8"?>
<Project ToolsVersion="4.0" xmlns="http://schemas.microsoft.com/developer/msbuild/2003">
  <ItemGroup>
    <ClInclude Include="NTCoreStarter.h">
      <Filter>Core</Filter>
    </ClInclude>
    <ClInclude Include="TitleSceneBuilder.h">
      <Filter>title</Filter>
    </ClInclude>
    <ClInclude Include="TitleSceneUpdater.h">
      <Filter>title</Filter>
    </ClInclude>
    <ClInclude Include="TestLogic.h">
      <Filter>title</Filter>
    </ClInclude>
  </ItemGroup>
  <ItemGroup>
    <ClCompile Include="NTCoreStarter.cpp">
      <Filter>Core</Filter>
    </ClCompile>
    <ClCompile Include="TitleSceneBuilder.cpp">
      <Filter>title</Filter>
    </ClCompile>
    <ClCompile Include="TitleSceneUpdater.cpp">
      <Filter>title</Filter>
    </ClCompile>
    <ClCompile Include="TestLogic.cpp">
      <Filter>title</Filter>
    </ClCompile>
  </ItemGroup>
  <ItemGroup>
    <Text Include="CustomMatBackup.txt" />
  </ItemGroup>
  <ItemGroup>
    <Filter Include="Core">
      <UniqueIdentifier>{393677f2-4c5b-4228-bed5-873b44bd2799}</UniqueIdentifier>
    </Filter>
    <Filter Include="FieldScene">
      <UniqueIdentifier>{7d1a69a6-6579-423a-a65e-e40457cdf4db}</UniqueIdentifier>
    </Filter>
    <Filter Include="title">
      <UniqueIdentifier>{a5a049d5-572f-4867-be18-0704221e6a9c}</UniqueIdentifier>
    </Filter>
  </ItemGroup>
</Project>